{
    "_meta": {
        "hash": {
            "sha256": "8c8813ae47824277a2caa11c7e289969965947ff6cee293107d676d8a5c1c532"
        },
        "pipfile-spec": 6,
        "requires": {
            "python_version": "3.12"
        },
        "sources": [
            {
                "name": "pip_conf_index_global",
                "url": "https://pypi.org/simple",
                "verify_ssl": false
            }
        ]
    },
    "default": {},
    "develop": {}
}
